dependencies:
- name: mariadb
  repository: https://charts.bitnami.com/bitnami
  version: 25.0.10
- name: redis-ha
  repository: https://dandydeveloper.github.io/charts
  version: 4.23.0
digest: sha256:c90beec41dc3dad151926e835bf857d17ba26aa69fc0215c5baf461781783e61
generated: "2026-04-25T15:01:35.263867289+07:00"
