dependencies:
- name: mysql
  repository: https://groundhog2k.github.io/helm-charts/
  version: 3.1.0
- name: redis-ha
  repository: https://dandydeveloper.github.io/charts
  version: 4.23.0
digest: sha256:35949e8af7524a768fcac37ea1fa7495827a7bdd826fe809473f9c7a4512cbfa
generated: "2026-05-30T14:11:44.638823197+07:00"
